
Microsoft Visual Studio Solution File, Format Version 12.00
# Visual Studio Version 17
VisualStudioVersion = 17.5.33424.131
MinimumVisualStudioVersion = 10.0.40219.1
Project("{FAE04EC0-301F-11D3-BF4B-00C04F79EFBC}") = "ReadFromQueue", "ReadFromQueue\ReadFromQueue.csproj", "{0043C4CA-4ED1-4E82-8F41-DA45BDE102C0}"
EndProject
Global
	GlobalSection(SolutionConfigurationPlatforms) = preSolution
		Debug|Any CPU = Debug|Any CPU
		Release|Any CPU = Release|Any CPU
	EndGlobalSection
	GlobalSection(ProjectConfigurationPlatforms) = postSolution
		{0043C4CA-4ED1-4E82-8F41-DA45BDE102C0}.Debug|Any CPU.ActiveCfg = Debug|Any CPU
		{0043C4CA-4ED1-4E82-8F41-DA45BDE102C0}.Debug|Any CPU.Build.0 = Debug|Any CPU
		{0043C4CA-4ED1-4E82-8F41-DA45BDE102C0}.Release|Any CPU.ActiveCfg = Release|Any CPU
		{0043C4CA-4ED1-4E82-8F41-DA45BDE102C0}.Release|Any CPU.Build.0 = Release|Any CPU
	EndGlobalSection
	GlobalSection(SolutionProperties) = preSolution
		HideSolutionNode = FALSE
	EndGlobalSection
	GlobalSection(ExtensibilityGlobals) = postSolution
		SolutionGuid = {01EB5387-930B-425D-AD66-166CEA3F01FE}
	EndGlobalSection
EndGlobal
